// !$*UTF8*$!
{
	archiveVersion = 1;
	classes = {
	};
	objectVersion = 50;
	objects = {

/* Begin PBXBuildFile section */
		8429872321522CE000FA628D /* AppDelegate.m in Sources */ = {isa = PBXBuildFile; fileRef = 8429872221522CE000FA628D /* AppDelegate.m */; };
		8429872621522CE000FA628D /* ViewController.m in Sources */ = {isa = PBXBuildFile; fileRef = 8429872521522CE000FA628D /* ViewController.m */; };
		8429872921522CE000FA628D /* Main.storyboard in Resources */ = {isa = PBXBuildFile; fileRef = 8429872721522CE000FA628D /* Main.storyboard */; };
		8429872B21522CE000FA628D /* Assets.xcassets in Resources */ = {isa = PBXBuildFile; fileRef = 8429872A21522CE000FA628D /* Assets.xcassets */; };
		8429872E21522CE000FA628D /* LaunchScreen.storyboard in Resources */ = {isa = PBXBuildFile; fileRef = 8429872C21522CE000FA628D /* LaunchScreen.storyboard */; };
		8429873121522CE000FA628D /* main.m in Sources */ = {isa = PBXBuildFile; fileRef = 8429873021522CE000FA628D /* main.m */; };
		8429873A21522D1500FA628D /* bioViewController.m in Sources */ = {isa = PBXBuildFile; fileRef = 8429873921522D1500FA628D /* bioViewController.m */; };
		8429874021523B8B00FA628D /* asfsdfViewController.m in Sources */ = {isa = PBXBuildFile; fileRef = 8429873F21523B8B00FA628D /* asfsdfViewController.m */; };
		8429874321523B9600FA628D /* sasffadfdfViewController.m in Sources */ = {isa = PBXBuildFile; fileRef = 8429874221523B9600FA628D /* sasffadfdfViewController.m */; };
		8429874621523BA200FA628D /* asdfdsfViewController.m in Sources */ = {isa = PBXBuildFile; fileRef = 8429874521523BA200FA628D /* asdfdsfViewController.m */; };
		8429874A21523D4D00FA628D /* jiushsioaifsfdfViewController.m in Sources */ = {isa = PBXBuildFile; fileRef = 8429874921523D4D00FA628D /* jiushsioaifsfdfViewController.m */; };
/* End PBXBuildFile section */

/* Begin PBXFileReference section */
		8429871E21522CE000FA628D /* NewShaoMai.app */ = {isa = PBXFileReference; explicitFileType = wrapper.application; includeInIndex = 0; path = NewShaoMai.app; sourceTree = BUILT_PRODUCTS_DIR; };
		8429872121522CE000FA628D /* AppDelegate.h */ = {isa = PBXFileReference; lastKnownFileType = sourcecode.c.h; path = AppDelegate.h; sourceTree = "<group>"; };
		8429872221522CE000FA628D /* AppDelegate.m */ = {isa = PBXFileReference; lastKnownFileType = sourcecode.c.objc; path = AppDelegate.m; sourceTree = "<group>"; };
		8429872421522CE000FA628D /* ViewController.h */ = {isa = PBXFileReference; lastKnownFileType = sourcecode.c.h; path = ViewController.h; sourceTree = "<group>"; };
		8429872521522CE000FA628D /* ViewController.m */ = {isa = PBXFileReference; lastKnownFileType = sourcecode.c.objc; path = ViewController.m; sourceTree = "<group>"; };
		8429872821522CE000FA628D /* Base */ = {isa = PBXFileReference; lastKnownFileType = file.storyboard; name = Base; path = Base.lproj/Main.storyboard; sourceTree = "<group>"; };
		8429872A21522CE000FA628D /* Assets.xcassets */ = {isa = PBXFileReference; lastKnownFileType = folder.assetcatalog; path = Assets.xcassets; sourceTree = "<group>"; };
		8429872D21522CE000FA628D /* Base */ = {isa = PBXFileReference; lastKnownFileType = file.storyboard; name = Base; path = Base.lproj/LaunchScreen.storyboard; sourceTree = "<group>"; };
		8429872F21522CE000FA628D /* Info.plist */ = {isa = PBXFileReference; lastKnownFileType = text.plist.xml; path = Info.plist; sourceTree = "<group>"; };
		8429873021522CE000FA628D /* main.m */ = {isa = PBXFileReference; lastKnownFileType = sourcecode.c.objc; path = main.m; sourceTree = "<group>"; };
		8429873921522D1500FA628D /* bioViewController.m */ = {isa = PBXFileReference; lastKnownFileType = sourcecode.c.objc; path = bioViewController.m; sourceTree = "<group>"; };
		8429873B21523B5000FA628D /* bioViewController.h */ = {isa = PBXFileReference; lastKnownFileType = sourcecode.c.h; path = bioViewController.h; sourceTree = "<group>"; };
		8429873E21523B8B00FA628D /* asfsdfViewController.h */ = {isa = PBXFileReference; lastKnownFileType = sourcecode.c.h; path = asfsdfViewController.h; sourceTree = "<group>"; };
		8429873F21523B8B00FA628D /* asfsdfViewController.m */ = {isa = PBXFileReference; lastKnownFileType = sourcecode.c.objc; path = asfsdfViewController.m; sourceTree = "<group>"; };
		8429874121523B9600FA628D /* sasffadfdfViewController.h */ = {isa = PBXFileReference; lastKnownFileType = sourcecode.c.h; path = sasffadfdfViewController.h; sourceTree = "<group>"; };
		8429874221523B9600FA628D /* sasffadfdfViewController.m */ = {isa = PBXFileReference; lastKnownFileType = sourcecode.c.objc; path = sasffadfdfViewController.m; sourceTree = "<group>"; };
		8429874421523BA200FA628D /* asdfdsfViewController.h */ = {isa = PBXFileReference; lastKnownFileType = sourcecode.c.h; path = asdfdsfViewController.h; sourceTree = "<group>"; };
		8429874521523BA200FA628D /* asdfdsfViewController.m */ = {isa = PBXFileReference; lastKnownFileType = sourcecode.c.objc; path = asdfdsfViewController.m; sourceTree = "<group>"; };
		8429874821523D4D00FA628D /* jiushsioaifsfdfViewController.h */ = {isa = PBXFileReference; lastKnownFileType = sourcecode.c.h; path = jiushsioaifsfdfViewController.h; sourceTree = "<group>"; };
		8429874921523D4D00FA628D /* jiushsioaifsfdfViewController.m */ = {isa = PBXFileReference; lastKnownFileType = sourcecode.c.objc; path = jiushsioaifsfdfViewController.m; sourceTree = "<group>"; };
/* End PBXFileReference section */

/* Begin PBXFrameworksBuildPhase section */
		8429871B21522CE000FA628D /* Frameworks */ = {
			isa = PBXFrameworksBuildPhase;
			buildActionMask = 2147483647;
			files = (
			);
			runOnlyForDeploymentPostprocessing = 0;
		};
/* End PBXFrameworksBuildPhase section */

/* Begin PBXGroup section */
		8429871521522CE000FA628D = {
			isa = PBXGroup;
			children = (
				8429872021522CE000FA628D /* NewShaoMai */,
				8429871F21522CE000FA628D /* Products */,
			);
			sourceTree = "<group>";
		};
		8429871F21522CE000FA628D /* Products */ = {
			isa = PBXGroup;
			children = (
				8429871E21522CE000FA628D /* NewShaoMai.app */,
			);
			name = Products;
			sourceTree = "<group>";
		};
		8429872021522CE000FA628D /* NewShaoMai */ = {
			isa = PBXGroup;
			children = (
				8429874721523D3400FA628D /* wo */,
				8429873721522D0900FA628D /* New */,
				8429872121522CE000FA628D /* AppDelegate.h */,
				8429872221522CE000FA628D /* AppDelegate.m */,
				8429872421522CE000FA628D /* ViewController.h */,
				8429872521522CE000FA628D /* ViewController.m */,
				8429872721522CE000FA628D /* Main.storyboard */,
				8429872A21522CE000FA628D /* Assets.xcassets */,
				8429872C21522CE000FA628D /* LaunchScreen.storyboard */,
				8429872F21522CE000FA628D /* Info.plist */,
				8429873021522CE000FA628D /* main.m */,
			);
			path = NewShaoMai;
			sourceTree = "<group>";
		};
		8429873721522D0900FA628D /* New */ = {
			isa = PBXGroup;
			children = (
				8429873D21523B7700FA628D /* datatss */,
				8429873C21523B6300FA628D /* data */,
				8429873B21523B5000FA628D /* bioViewController.h */,
				8429873921522D1500FA628D /* bioViewController.m */,
				8429874421523BA200FA628D /* asdfdsfViewController.h */,
				8429874521523BA200FA628D /* asdfdsfViewController.m */,
			);
			path = New;
			sourceTree = "<group>";
		};
		8429873C21523B6300FA628D /* data */ = {
			isa = PBXGroup;
			children = (
				8429873E21523B8B00FA628D /* asfsdfViewController.h */,
				8429873F21523B8B00FA628D /* asfsdfViewController.m */,
			);
			path = data;
			sourceTree = "<group>";
		};
		8429873D21523B7700FA628D /* datatss */ = {
			isa = PBXGroup;
			children = (
				8429874121523B9600FA628D /* sasffadfdfViewController.h */,
				8429874221523B9600FA628D /* sasffadfdfViewController.m */,
			);
			path = datatss;
			sourceTree = "<group>";
		};
		8429874721523D3400FA628D /* wo */ = {
			isa = PBXGroup;
			children = (
				8429874821523D4D00FA628D /* jiushsioaifsfdfViewController.h */,
				8429874921523D4D00FA628D /* jiushsioaifsfdfViewController.m */,
			);
			path = wo;
			sourceTree = "<group>";
		};
/* End PBXGroup section */

/* Begin PBXNativeTarget section */
		8429871D21522CE000FA628D /* NewShaoMai */ = {
			isa = PBXNativeTarget;
			buildConfigurationList = 8429873421522CE000FA628D /* Build configuration list for PBXNativeTarget "NewShaoMai" */;
			buildPhases = (
				8429871A21522CE000FA628D /* Sources */,
				8429871B21522CE000FA628D /* Frameworks */,
				8429871C21522CE000FA628D /* Resources */,
			);
			buildRules = (
			);
			dependencies = (
			);
			name = NewShaoMai;
			productName = NewShaoMai;
			productReference = 8429871E21522CE000FA628D /* NewShaoMai.app */;
			productType = "com.apple.product-type.application";
		};
/* End PBXNativeTarget section */

/* Begin PBXProject section */
		8429871621522CE000FA628D /* Project object */ = {
			isa = PBXProject;
			attributes = {
				LastUpgradeCheck = 0940;
				ORGANIZATIONNAME = BioMac;
				TargetAttributes = {
					8429871D21522CE000FA628D = {
						CreatedOnToolsVersion = 9.4.1;
					};
				};
			};
			buildConfigurationList = 8429871921522CE000FA628D /* Build configuration list for PBXProject "NewShaoMai" */;
			compatibilityVersion = "Xcode 9.3";
			developmentRegion = en;
			hasScannedForEncodings = 0;
			knownRegions = (
				en,
				Base,
			);
			mainGroup = 8429871521522CE000FA628D;
			productRefGroup = 8429871F21522CE000FA628D /* Products */;
			projectDirPath = "";
			projectRoot = "";
			targets = (
				8429871D21522CE000FA628D /* NewShaoMai */,
			);
		};
/* End PBXProject section */

/* Begin PBXResourcesBuildPhase section */
		8429871C21522CE000FA628D /* Resources */ = {
			isa = PBXResourcesBuildPhase;
			buildActionMask = 2147483647;
			files = (
				8429872E21522CE000FA628D /* LaunchScreen.storyboard in Resources */,
				8429872B21522CE000FA628D /* Assets.xcassets in Resources */,
				8429872921522CE000FA628D /* Main.storyboard in Resources */,
			);
			runOnlyForDeploymentPostprocessing = 0;
		};
/* End PBXResourcesBuildPhase section */

/* Begin PBXSourcesBuildPhase section */
		8429871A21522CE000FA628D /* Sources */ = {
			isa = PBXSourcesBuildPhase;
			buildActionMask = 2147483647;
			files = (
				8429872621522CE000FA628D /* ViewController.m in Sources */,
				8429874021523B8B00FA628D /* asfsdfViewController.m in Sources */,
				8429874A21523D4D00FA628D /* jiushsioaifsfdfViewController.m in Sources */,
				8429873121522CE000FA628D /* main.m in Sources */,
				8429872321522CE000FA628D /* AppDelegate.m in Sources */,
				8429874621523BA200FA628D /* asdfdsfViewController.m in Sources */,
				8429874321523B9600FA628D /* sasffadfdfViewController.m in Sources */,
				8429873A21522D1500FA628D /* bioViewController.m in Sources */,
			);
			runOnlyForDeploymentPostprocessing = 0;
		};
/* End PBXSourcesBuildPhase section */

/* Begin PBXVariantGroup section */
		8429872721522CE000FA628D /* Main.storyboard */ = {
			isa = PBXVariantGroup;
			children = (
				8429872821522CE000FA628D /* Base */,
			);
			name = Main.storyboard;
			sourceTree = "<group>";
		};
		8429872C21522CE000FA628D /* LaunchScreen.storyboard */ = {
			isa = PBXVariantGroup;
			children = (
				8429872D21522CE000FA628D /* Base */,
			);
			name = LaunchScreen.storyboard;
			sourceTree = "<group>";
		};
/* End PBXVariantGroup section */

/* Begin XCBuildConfiguration section */
		8429873221522CE000FA628D /* Debug */ = {
			isa = XCBuildConfiguration;
			buildSettings = {
				ALWAYS_SEARCH_USER_PATHS = NO;
				CLANG_ANALYZER_NONNULL = YES;
				CLANG_ANALYZER_NUMBER_OBJECT_CONVERSION = YES_AGGRESSIVE;
				CLANG_CXX_LANGUAGE_STANDARD = "gnu++14";
				CLANG_CXX_LIBRARY = "libc++";
				CLANG_ENABLE_MODULES = YES;
				CLANG_ENABLE_OBJC_ARC = YES;
				CLANG_ENABLE_OBJC_WEAK = YES;
				CLANG_WARN_BLOCK_CAPTURE_AUTORELEASING = YES;
				CLANG_WARN_BOOL_CONVERSION = YES;
				CLANG_WARN_COMMA = YES;
				CLANG_WARN_CONSTANT_CONVERSION = YES;
				CLANG_WARN_DEPRECATED_OBJC_IMPLEMENTATIONS = YES;
				CLANG_WARN_DIRECT_OBJC_ISA_USAGE = YES_ERROR;
				CLANG_WARN_DOCUMENTATION_COMMENTS = YES;
				CLANG_WARN_EMPTY_BODY = YES;
				CLANG_WARN_ENUM_CONVERSION = YES;
				CLANG_WARN_INFINITE_RECURSION = YES;
				CLANG_WARN_INT_CONVERSION = YES;
				CLANG_WARN_NON_LITERAL_NULL_CONVERSION = YES;
				CLANG_WARN_OBJC_IMPLICIT_RETAIN_SELF = YES;
				CLANG_WARN_OBJC_LITERAL_CONVERSION = YES;
				CLANG_WARN_OBJC_ROOT_CLASS = YES_ERROR;
				CLANG_WARN_RANGE_LOOP_ANALYSIS = YES;
				CLANG_WARN_STRICT_PROTOTYPES = YES;
				CLANG_WARN_SUSPICIOUS_MOVE = YES;
				CLANG_WARN_UNGUARDED_AVAILABILITY = YES_AGGRESSIVE;
				CLANG_WARN_UNREACHABLE_CODE = YES;
				CLANG_WARN__DUPLICATE_METHOD_MATCH = YES;
				CODE_SIGN_IDENTITY = "iPhone Developer";
				COPY_PHASE_STRIP = NO;
				DEBUG_INFORMATION_FORMAT = dwarf;
				ENABLE_STRICT_OBJC_MSGSEND = YES;
				ENABLE_TESTABILITY = YES;
				GCC_C_LANGUAGE_STANDARD = gnu11;
				GCC_DYNAMIC_NO_PIC = NO;
				GCC_NO_COMMON_BLOCKS = YES;
				GCC_OPTIMIZATION_LEVEL = 0;
				GCC_PREPROCESSOR_DEFINITIONS = (
					"DEBUG=1",
					"$(inherited)",
				);
				GCC_WARN_64_TO_32_BIT_CONVERSION = YES;
				GCC_WARN_ABOUT_RETURN_TYPE = YES_ERROR;
				GCC_WARN_UNDECLARED_SELECTOR = YES;
				GCC_WARN_UNINITIALIZED_AUTOS = YES_AGGRESSIVE;
				GCC_WARN_UNUSED_FUNCTION = YES;
				GCC_WARN_UNUSED_VARIABLE = YES;
				IPHONEOS_DEPLOYMENT_TARGET = 11.4;
				MTL_ENABLE_DEBUG_INFO = YES;
				ONLY_ACTIVE_ARCH = YES;
				SDKROOT = iphoneos;
			};
			name = Debug;
		};
		8429873321522CE000FA628D /* Release */ = {
			isa = XCBuildConfiguration;
			buildSettings = {
				ALWAYS_SEARCH_USER_PATHS = NO;
				CLANG_ANALYZER_NONNULL = YES;
				CLANG_ANALYZER_NUMBER_OBJECT_CONVERSION = YES_AGGRESSIVE;
				CLANG_CXX_LANGUAGE_STANDARD = "gnu++14";
				CLANG_CXX_LIBRARY = "libc++";
				CLANG_ENABLE_MODULES = YES;
				CLANG_ENABLE_OBJC_ARC = YES;
				CLANG_ENABLE_OBJC_WEAK = YES;
				CLANG_WARN_BLOCK_CAPTURE_AUTORELEASING = YES;
				CLANG_WARN_BOOL_CONVERSION = YES;
				CLANG_WARN_COMMA = YES;
				CLANG_WARN_CONSTANT_CONVERSION = YES;
				CLANG_WARN_DEPRECATED_OBJC_IMPLEMENTATIONS = YES;
				CLANG_WARN_DIRECT_OBJC_ISA_USAGE = YES_ERROR;
				CLANG_WARN_DOCUMENTATION_COMMENTS = YES;
				CLANG_WARN_EMPTY_BODY = YES;
				CLANG_WARN_ENUM_CONVERSION = YES;
				CLANG_WARN_INFINITE_RECURSION = YES;
				CLANG_WARN_INT_CONVERSION = YES;
				CLANG_WARN_NON_LITERAL_NULL_CONVERSION = YES;
				CLANG_WARN_OBJC_IMPLICIT_RETAIN_SELF = YES;
				CLANG_WARN_OBJC_LITERAL_CONVERSION = YES;
				CLANG_WARN_OBJC_ROOT_CLASS = YES_ERROR;
				CLANG_WARN_RANGE_LOOP_ANALYSIS = YES;
				CLANG_WARN_STRICT_PROTOTYPES = YES;
				CLANG_WARN_SUSPICIOUS_MOVE = YES;
				CLANG_WARN_UNGUARDED_AVAILABILITY = YES_AGGRESSIVE;
				CLANG_WARN_UNREACHABLE_CODE = YES;
				CLANG_WARN__DUPLICATE_METHOD_MATCH = YES;
				CODE_SIGN_IDENTITY = "iPhone Developer";
				COPY_PHASE_STRIP = NO;
				DEBUG_INFORMATION_FORMAT = "dwarf-with-dsym";
				ENABLE_NS_ASSERTIONS = NO;
				ENABLE_STRICT_OBJC_MSGSEND = YES;
				GCC_C_LANGUAGE_STANDARD = gnu11;
				GCC_NO_COMMON_BLOCKS = YES;
				GCC_WARN_64_TO_32_BIT_CONVERSION = YES;
				GCC_WARN_ABOUT_RETURN_TYPE = YES_ERROR;
				GCC_WARN_UNDECLARED_SELECTOR = YES;
				GCC_WARN_UNINITIALIZED_AUTOS = YES_AGGRESSIVE;
				GCC_WARN_UNUSED_FUNCTION = YES;
				GCC_WARN_UNUSED_VARIABLE = YES;
				IPHONEOS_DEPLOYMENT_TARGET = 11.4;
				MTL_ENABLE_DEBUG_INFO = NO;
				SDKROOT = iphoneos;
				VALIDATE_PRODUCT = YES;
			};
			name = Release;
		};
		8429873521522CE000FA628D /* Debug */ = {
			isa = XCBuildConfiguration;
			buildSettings = {
				ASSETCATALOG_COMPILER_APPICON_NAME = AppIcon;
				CODE_SIGN_STYLE = Automatic;
				DEVELOPMENT_TEAM = B9PADNJ28S;
				INFOPLIST_FILE = NewShaoMai/Info.plist;
				LD_RUNPATH_SEARCH_PATHS = (
					"$(inherited)",
					"@executable_path/Frameworks",
				);
				PRODUCT_BUNDLE_IDENTIFIER = com.bioeh.health.NewShaoMai;
				PRODUCT_NAME = "$(TARGET_NAME)";
				TARGETED_DEVICE_FAMILY = "1,2";
			};
			name = Debug;
		};
		8429873621522CE000FA628D /* Release */ = {
			isa = XCBuildConfiguration;
			buildSettings = {
				ASSETCATALOG_COMPILER_APPICON_NAME = AppIcon;
				CODE_SIGN_STYLE = Automatic;
				DEVELOPMENT_TEAM = B9PADNJ28S;
				INFOPLIST_FILE = NewShaoMai/Info.plist;
				LD_RUNPATH_SEARCH_PATHS = (
					"$(inherited)",
					"@executable_path/Frameworks",
				);
				PRODUCT_BUNDLE_IDENTIFIER = com.bioeh.health.NewShaoMai;
				PRODUCT_NAME = "$(TARGET_NAME)";
				TARGETED_DEVICE_FAMILY = "1,2";
			};
			name = Release;
		};
/* End XCBuildConfiguration section */

/* Begin XCConfigurationList section */
		8429871921522CE000FA628D /* Build configuration list for PBXProject "NewShaoMai" */ = {
			isa = XCConfigurationList;
			buildConfigurations = (
				8429873221522CE000FA628D /* Debug */,
				8429873321522CE000FA628D /* Release */,
			);
			defaultConfigurationIsVisible = 0;
			defaultConfigurationName = Release;
		};
		8429873421522CE000FA628D /* Build configuration list for PBXNativeTarget "NewShaoMai" */ = {
			isa = XCConfigurationList;
			buildConfigurations = (
				8429873521522CE000FA628D /* Debug */,
				8429873621522CE000FA628D /* Release */,
			);
			defaultConfigurationIsVisible = 0;
			defaultConfigurationName = Release;
		};
/* End XCConfigurationList section */
	};
	rootObject = 8429871621522CE000FA628D /* Project object */;
}
